
Microsoft Visual Studio Solution File, Format Version 12.00
# Visual Studio Version 16
VisualStudioVersion = 16.0.31624.102
MinimumVisualStudioVersion = 10.0.40219.1
Project("{9A19103F-16F7-4668-BE54-9A1E7A4F7556}") = "asp-core-cache", "asp-core-cache\asp-core-cache.csproj", "{AD68EDBE-1AE8-420D-9416-4FF0982C5405}"
EndProject
Project("{2150E333-8FDC-42A3-9474-1A3956D46DE8}") = "Solution Items", "Solution Items", "{0F62B03E-3C3A-4F58-8819-6844D4468E46}"
	ProjectSection(SolutionItems) = preProject
		notes.txt = notes.txt
	EndProjectSection
EndProject
Global
	GlobalSection(SolutionConfigurationPlatforms) = preSolution
		Debug|Any CPU = Debug|Any CPU
		Release|Any CPU = Release|Any CPU
	EndGlobalSection
	GlobalSection(ProjectConfigurationPlatforms) = postSolution
		{AD68EDBE-1AE8-420D-9416-4FF0982C5405}.Debug|Any CPU.ActiveCfg = Debug|Any CPU
		{AD68EDBE-1AE8-420D-9416-4FF0982C5405}.Debug|Any CPU.Build.0 = Debug|Any CPU
		{AD68EDBE-1AE8-420D-9416-4FF0982C5405}.Release|Any CPU.ActiveCfg = Release|Any CPU
		{AD68EDBE-1AE8-420D-9416-4FF0982C5405}.Release|Any CPU.Build.0 = Release|Any CPU
	EndGlobalSection
	GlobalSection(SolutionProperties) = preSolution
		HideSolutionNode = FALSE
	EndGlobalSection
	GlobalSection(ExtensibilityGlobals) = postSolution
		SolutionGuid = {3C9E1FD5-1F09-4127-921E-5C7A499D7383}
	EndGlobalSection
EndGlobal
